// !$*UTF8*$!
{
	archiveVersion = 1;
	classes = {
	};
	objectVersion = 55;
	objects = {

/* Begin PBXBuildFile section */
		CEA9233828D6D97F0018040F /* autospotifyApp.swift in Sources */ = {isa = PBXBuildFile; fileRef = CEA9233728D6D97F0018040F /* autospotifyApp.swift */; };
		CEA9233A28D6D97F0018040F /* ContentView.swift in Sources */ = {isa = PBXBuildFile; fileRef = CEA9233928D6D97F0018040F /* ContentView.swift */; };
		CEA9233C28D6D9800018040F /* Assets.xcassets in Resources */ = {isa = PBXBuildFile; fileRef = CEA9233B28D6D9800018040F /* Assets.xcassets */; };
		CEA9233F28D6D9810018040F /* Preview Assets.xcassets in Resources */ = {isa = PBXBuildFile; fileRef = CEA9233E28D6D9810018040F /* Preview Assets.xcassets */; };
		CEA9234728D7186C0018040F /* ArchiveView.swift in Sources */ = {isa = PBXBuildFile; fileRef = CEA9234628D7186C0018040F /* ArchiveView.swift */; };
		CEA9234928D71A940018040F /* HomeView.swift in Sources */ = {isa = PBXBuildFile; fileRef = CEA9234828D71A940018040F /* HomeView.swift */; };
		CEA9234B28D739630018040F /* SettingsView.swift in Sources */ = {isa = PBXBuildFile; fileRef = CEA9234A28D739630018040F /* SettingsView.swift */; };
		CEA9234D28D7597E0018040F /* AccountView.swift in Sources */ = {isa = PBXBuildFile; fileRef = CEA9234C28D7597E0018040F /* AccountView.swift */; };
		CEA9234F28D759D70018040F /* LanguageSettingView.swift in Sources */ = {isa = PBXBuildFile; fileRef = CEA9234E28D759D70018040F /* LanguageSettingView.swift */; };
		CEA9235128D75A160018040F /* AboutView.swift in Sources */ = {isa = PBXBuildFile; fileRef = CEA9235028D75A160018040F /* AboutView.swift */; };
		CEA9235328D87BAE0018040F /* SpotifyiOS.framework in Frameworks */ = {isa = PBXBuildFile; fileRef = CEA9235228D87BAD0018040F /* SpotifyiOS.framework */; };
		CEA9235828D8856D0018040F /* Authorization.swift in Sources */ = {isa = PBXBuildFile; fileRef = CEA9235728D8856D0018040F /* Authorization.swift */; };
		CEA9235C28D88EB40018040F /* MainView.swift in Sources */ = {isa = PBXBuildFile; fileRef = CEA9235B28D88EB40018040F /* MainView.swift */; };
		CEA9235E28D890B60018040F /* AppDelegate.swift in Sources */ = {isa = PBXBuildFile; fileRef = CEA9235D28D890B60018040F /* AppDelegate.swift */; };
		CEA9236028D8913C0018040F /* SceneDelegate.swift in Sources */ = {isa = PBXBuildFile; fileRef = CEA9235F28D8913C0018040F /* SceneDelegate.swift */; };
		CEA9236228D8A4D00018040F /* ViewController.swift in Sources */ = {isa = PBXBuildFile; fileRef = CEA9236128D8A4D00018040F /* ViewController.swift */; };
		CEA9236428D8A5150018040F /* MainAuthorize.swift in Sources */ = {isa = PBXBuildFile; fileRef = CEA9236328D8A5150018040F /* MainAuthorize.swift */; };
/* End PBXBuildFile section */

/* Begin PBXFileReference section */
		CEA9233428D6D97F0018040F /* autospotify.app */ = {isa = PBXFileReference; explicitFileType = wrapper.application; includeInIndex = 0; path = autospotify.app; sourceTree = BUILT_PRODUCTS_DIR; };
		CEA9233728D6D97F0018040F /* autospotifyApp.swift */ = {isa = PBXFileReference; lastKnownFileType = sourcecode.swift; path = autospotifyApp.swift; sourceTree = "<group>"; };
		CEA9233928D6D97F0018040F /* ContentView.swift */ = {isa = PBXFileReference; lastKnownFileType = sourcecode.swift; path = ContentView.swift; sourceTree = "<group>"; };
		CEA9233B28D6D9800018040F /* Assets.xcassets */ = {isa = PBXFileReference; lastKnownFileType = folder.assetcatalog; path = Assets.xcassets; sourceTree = "<group>"; };
		CEA9233E28D6D9810018040F /* Preview Assets.xcassets */ = {isa = PBXFileReference; lastKnownFileType = folder.assetcatalog; path = "Preview Assets.xcassets"; sourceTree = "<group>"; };
		CEA9234528D6DE310018040F /* Info.plist */ = {isa = PBXFileReference; lastKnownFileType = text.plist; path = Info.plist; sourceTree = "<group>"; };
		CEA9234628D7186C0018040F /* ArchiveView.swift */ = {isa = PBXFileReference; lastKnownFileType = sourcecode.swift; path = ArchiveView.swift; sourceTree = "<group>"; };
		CEA9234828D71A940018040F /* HomeView.swift */ = {isa = PBXFileReference; lastKnownFileType = sourcecode.swift; path = HomeView.swift; sourceTree = "<group>"; };
		CEA9234A28D739630018040F /* SettingsView.swift */ = {isa = PBXFileReference; lastKnownFileType = sourcecode.swift; path = SettingsView.swift; sourceTree = "<group>"; };
		CEA9234C28D7597E0018040F /* AccountView.swift */ = {isa = PBXFileReference; lastKnownFileType = sourcecode.swift; path = AccountView.swift; sourceTree = "<group>"; };
		CEA9234E28D759D70018040F /* LanguageSettingView.swift */ = {isa = PBXFileReference; lastKnownFileType = sourcecode.swift; path = LanguageSettingView.swift; sourceTree = "<group>"; };
		CEA9235028D75A160018040F /* AboutView.swift */ = {isa = PBXFileReference; lastKnownFileType = sourcecode.swift; path = AboutView.swift; sourceTree = "<group>"; };
		CEA9235228D87BAD0018040F /* SpotifyiOS.framework */ = {isa = PBXFileReference; lastKnownFileType = wrapper.framework; path = SpotifyiOS.framework; sourceTree = "<group>"; };
		CEA9235428D87C360018040F /* autospotify-Bridging-Header.h */ = {isa = PBXFileReference; lastKnownFileType = sourcecode.c.h; path = "autospotify-Bridging-Header.h"; sourceTree = "<group>"; };
		CEA9235728D8856D0018040F /* Authorization.swift */ = {isa = PBXFileReference; lastKnownFileType = sourcecode.swift; path = Authorization.swift; sourceTree = "<group>"; };
		CEA9235B28D88EB40018040F /* MainView.swift */ = {isa = PBXFileReference; lastKnownFileType = sourcecode.swift; path = MainView.swift; sourceTree = "<group>"; };
		CEA9235D28D890B60018040F /* AppDelegate.swift */ = {isa = PBXFileReference; lastKnownFileType = sourcecode.swift; path = AppDelegate.swift; sourceTree = "<group>"; };
		CEA9235F28D8913C0018040F /* SceneDelegate.swift */ = {isa = PBXFileReference; lastKnownFileType = sourcecode.swift; path = SceneDelegate.swift; sourceTree = "<group>"; };
		CEA9236128D8A4D00018040F /* ViewController.swift */ = {isa = PBXFileReference; lastKnownFileType = sourcecode.swift; path = ViewController.swift; sourceTree = "<group>"; };
		CEA9236328D8A5150018040F /* MainAuthorize.swift */ = {isa = PBXFileReference; lastKnownFileType = sourcecode.swift; path = MainAuthorize.swift; sourceTree = "<group>"; };
/* End PBXFileReference section */

/* Begin PBXFrameworksBuildPhase section */
		CEA9233128D6D97F0018040F /* Frameworks */ = {
			isa = PBXFrameworksBuildPhase;
			buildActionMask = 2147483647;
			files = (
				CEA9235328D87BAE0018040F /* SpotifyiOS.framework in Frameworks */,
			);
			runOnlyForDeploymentPostprocessing = 0;
		};
/* End PBXFrameworksBuildPhase section */

/* Begin PBXGroup section */
		CEA9232B28D6D97F0018040F = {
			isa = PBXGroup;
			children = (
				CEA9233628D6D97F0018040F /* autospotify */,
				CEA9233528D6D97F0018040F /* Products */,
			);
			sourceTree = "<group>";
		};
		CEA9233528D6D97F0018040F /* Products */ = {
			isa = PBXGroup;
			children = (
				CEA9233428D6D97F0018040F /* autospotify.app */,
			);
			name = Products;
			sourceTree = "<group>";
		};
		CEA9233628D6D97F0018040F /* autospotify */ = {
			isa = PBXGroup;
			children = (
				CEA9235228D87BAD0018040F /* SpotifyiOS.framework */,
				CEA9234528D6DE310018040F /* Info.plist */,
				CEA9233728D6D97F0018040F /* autospotifyApp.swift */,
				CEA9233928D6D97F0018040F /* ContentView.swift */,
				CEA9233B28D6D9800018040F /* Assets.xcassets */,
				CEA9234628D7186C0018040F /* ArchiveView.swift */,
				CEA9234828D71A940018040F /* HomeView.swift */,
				CEA9233D28D6D9810018040F /* Preview Content */,
				CEA9234A28D739630018040F /* SettingsView.swift */,
				CEA9234C28D7597E0018040F /* AccountView.swift */,
				CEA9234E28D759D70018040F /* LanguageSettingView.swift */,
				CEA9235028D75A160018040F /* AboutView.swift */,
				CEA9235428D87C360018040F /* autospotify-Bridging-Header.h */,
				CEA9235728D8856D0018040F /* Authorization.swift */,
				CEA9236328D8A5150018040F /* MainAuthorize.swift */,
				CEA9235B28D88EB40018040F /* MainView.swift */,
				CEA9235D28D890B60018040F /* AppDelegate.swift */,
				CEA9235F28D8913C0018040F /* SceneDelegate.swift */,
				CEA9236128D8A4D00018040F /* ViewController.swift */,
			);
			path = autospotify;
			sourceTree = "<group>";
		};
		CEA9233D28D6D9810018040F /* Preview Content */ = {
			isa = PBXGroup;
			children = (
				CEA9233E28D6D9810018040F /* Preview Assets.xcassets */,
			);
			path = "Preview Content";
			sourceTree = "<group>";
		};
/* End PBXGroup section */

/* Begin PBXNativeTarget section */
		CEA9233328D6D97F0018040F /* autospotify */ = {
			isa = PBXNativeTarget;
			buildConfigurationList = CEA9234228D6D9810018040F /* Build configuration list for PBXNativeTarget "autospotify" */;
			buildPhases = (
				CEA9233028D6D97F0018040F /* Sources */,
				CEA9233128D6D97F0018040F /* Frameworks */,
				CEA9233228D6D97F0018040F /* Resources */,
			);
			buildRules = (
			);
			dependencies = (
			);
			name = autospotify;
			productName = autospotify;
			productReference = CEA9233428D6D97F0018040F /* autospotify.app */;
			productType = "com.apple.product-type.application";
		};
/* End PBXNativeTarget section */

/* Begin PBXProject section */
		CEA9232C28D6D97F0018040F /* Project object */ = {
			isa = PBXProject;
			attributes = {
				BuildIndependentTargetsInParallel = 1;
				LastSwiftUpdateCheck = 1340;
				LastUpgradeCheck = 1340;
				TargetAttributes = {
					CEA9233328D6D97F0018040F = {
						CreatedOnToolsVersion = 13.4.1;
						LastSwiftMigration = 1340;
					};
				};
			};
			buildConfigurationList = CEA9232F28D6D97F0018040F /* Build configuration list for PBXProject "autospotify" */;
			compatibilityVersion = "Xcode 13.0";
			developmentRegion = en;
			hasScannedForEncodings = 0;
			knownRegions = (
				en,
				Base,
			);
			mainGroup = CEA9232B28D6D97F0018040F;
			productRefGroup = CEA9233528D6D97F0018040F /* Products */;
			projectDirPath = "";
			projectRoot = "";
			targets = (
				CEA9233328D6D97F0018040F /* autospotify */,
			);
		};
/* End PBXProject section */

/* Begin PBXResourcesBuildPhase section */
		CEA9233228D6D97F0018040F /* Resources */ = {
			isa = PBXResourcesBuildPhase;
			buildActionMask = 2147483647;
			files = (
				CEA9233F28D6D9810018040F /* Preview Assets.xcassets in Resources */,
				CEA9233C28D6D9800018040F /* Assets.xcassets in Resources */,
			);
			runOnlyForDeploymentPostprocessing = 0;
		};
/* End PBXResourcesBuildPhase section */

/* Begin PBXSourcesBuildPhase section */
		CEA9233028D6D97F0018040F /* Sources */ = {
			isa = PBXSourcesBuildPhase;
			buildActionMask = 2147483647;
			files = (
				CEA9235E28D890B60018040F /* AppDelegate.swift in Sources */,
				CEA9235128D75A160018040F /* AboutView.swift in Sources */,
				CEA9234D28D7597E0018040F /* AccountView.swift in Sources */,
				CEA9234B28D739630018040F /* SettingsView.swift in Sources */,
				CEA9235C28D88EB40018040F /* MainView.swift in Sources */,
				CEA9233A28D6D97F0018040F /* ContentView.swift in Sources */,
				CEA9234928D71A940018040F /* HomeView.swift in Sources */,
				CEA9234728D7186C0018040F /* ArchiveView.swift in Sources */,
				CEA9236428D8A5150018040F /* MainAuthorize.swift in Sources */,
				CEA9236228D8A4D00018040F /* ViewController.swift in Sources */,
				CEA9235828D8856D0018040F /* Authorization.swift in Sources */,
				CEA9234F28D759D70018040F /* LanguageSettingView.swift in Sources */,
				CEA9233828D6D97F0018040F /* autospotifyApp.swift in Sources */,
				CEA9236028D8913C0018040F /* SceneDelegate.swift in Sources */,
			);
			runOnlyForDeploymentPostprocessing = 0;
		};
/* End PBXSourcesBuildPhase section */

/* Begin XCBuildConfiguration section */
		CEA9234028D6D9810018040F /* Debug */ = {
			isa = XCBuildConfiguration;
			buildSettings = {
				ALWAYS_SEARCH_USER_PATHS = NO;
				CLANG_ANALYZER_NONNULL = YES;
				CLANG_ANALYZER_NUMBER_OBJECT_CONVERSION = YES_AGGRESSIVE;
				CLANG_CXX_LANGUAGE_STANDARD = "gnu++17";
				CLANG_ENABLE_MODULES = YES;
				CLANG_ENABLE_OBJC_ARC = YES;
				CLANG_ENABLE_OBJC_WEAK = YES;
				CLANG_WARN_BLOCK_CAPTURE_AUTORELEASING = YES;
				CLANG_WARN_BOOL_CONVERSION = YES;
				CLANG_WARN_COMMA = YES;
				CLANG_WARN_CONSTANT_CONVERSION = YES;
				CLANG_WARN_DEPRECATED_OBJC_IMPLEMENTATIONS = YES;
				CLANG_WARN_DIRECT_OBJC_ISA_USAGE = YES_ERROR;
				CLANG_WARN_DOCUMENTATION_COMMENTS = YES;
				CLANG_WARN_EMPTY_BODY = YES;
				CLANG_WARN_ENUM_CONVERSION = YES;
				CLANG_WARN_INFINITE_RECURSION = YES;
				CLANG_WARN_INT_CONVERSION = YES;
				CLANG_WARN_NON_LITERAL_NULL_CONVERSION = YES;
				CLANG_WARN_OBJC_IMPLICIT_RETAIN_SELF = YES;
				CLANG_WARN_OBJC_LITERAL_CONVERSION = YES;
				CLANG_WARN_OBJC_ROOT_CLASS = YES_ERROR;
				CLANG_WARN_QUOTED_INCLUDE_IN_FRAMEWORK_HEADER = YES;
				CLANG_WARN_RANGE_LOOP_ANALYSIS = YES;
				CLANG_WARN_STRICT_PROTOTYPES = YES;
				CLANG_WARN_SUSPICIOUS_MOVE = YES;
				CLANG_WARN_UNGUARDED_AVAILABILITY = YES_AGGRESSIVE;
				CLANG_WARN_UNREACHABLE_CODE = YES;
				CLANG_WARN__DUPLICATE_METHOD_MATCH = YES;
				COPY_PHASE_STRIP = NO;
				DEBUG_INFORMATION_FORMAT = dwarf;
				ENABLE_STRICT_OBJC_MSGSEND = YES;
				ENABLE_TESTABILITY = YES;
				GCC_C_LANGUAGE_STANDARD = gnu11;
				GCC_DYNAMIC_NO_PIC = NO;
				GCC_NO_COMMON_BLOCKS = YES;
				GCC_OPTIMIZATION_LEVEL = 0;
				GCC_PREPROCESSOR_DEFINITIONS = (
					"DEBUG=1",
					"$(inherited)",
				);
				GCC_WARN_64_TO_32_BIT_CONVERSION = YES;
				GCC_WARN_ABOUT_RETURN_TYPE = YES_ERROR;
				GCC_WARN_UNDECLARED_SELECTOR = YES;
				GCC_WARN_UNINITIALIZED_AUTOS = YES_AGGRESSIVE;
				GCC_WARN_UNUSED_FUNCTION = YES;
				GCC_WARN_UNUSED_VARIABLE = YES;
				IPHONEOS_DEPLOYMENT_TARGET = 15.5;
				MTL_ENABLE_DEBUG_INFO = INCLUDE_SOURCE;
				MTL_FAST_MATH = YES;
				ONLY_ACTIVE_ARCH = YES;
				SDKROOT = iphoneos;
				SWIFT_ACTIVE_COMPILATION_CONDITIONS = DEBUG;
				SWIFT_OPTIMIZATION_LEVEL = "-Onone";
			};
			name = Debug;
		};
		CEA9234128D6D9810018040F /* Release */ = {
			isa = XCBuildConfiguration;
			buildSettings = {
				ALWAYS_SEARCH_USER_PATHS = NO;
				CLANG_ANALYZER_NONNULL = YES;
				CLANG_ANALYZER_NUMBER_OBJECT_CONVERSION = YES_AGGRESSIVE;
				CLANG_CXX_LANGUAGE_STANDARD = "gnu++17";
				CLANG_ENABLE_MODULES = YES;
				CLANG_ENABLE_OBJC_ARC = YES;
				CLANG_ENABLE_OBJC_WEAK = YES;
				CLANG_WARN_BLOCK_CAPTURE_AUTORELEASING = YES;
				CLANG_WARN_BOOL_CONVERSION = YES;
				CLANG_WARN_COMMA = YES;
				CLANG_WARN_CONSTANT_CONVERSION = YES;
				CLANG_WARN_DEPRECATED_OBJC_IMPLEMENTATIONS = YES;
				CLANG_WARN_DIRECT_OBJC_ISA_USAGE = YES_ERROR;
				CLANG_WARN_DOCUMENTATION_COMMENTS = YES;
				CLANG_WARN_EMPTY_BODY = YES;
				CLANG_WARN_ENUM_CONVERSION = YES;
				CLANG_WARN_INFINITE_RECURSION = YES;
				CLANG_WARN_INT_CONVERSION = YES;
				CLANG_WARN_NON_LITERAL_NULL_CONVERSION = YES;
				CLANG_WARN_OBJC_IMPLICIT_RETAIN_SELF = YES;
				CLANG_WARN_OBJC_LITERAL_CONVERSION = YES;
				CLANG_WARN_OBJC_ROOT_CLASS = YES_ERROR;
				CLANG_WARN_QUOTED_INCLUDE_IN_FRAMEWORK_HEADER = YES;
				CLANG_WARN_RANGE_LOOP_ANALYSIS = YES;
				CLANG_WARN_STRICT_PROTOTYPES = YES;
				CLANG_WARN_SUSPICIOUS_MOVE = YES;
				CLANG_WARN_UNGUARDED_AVAILABILITY = YES_AGGRESSIVE;
				CLANG_WARN_UNREACHABLE_CODE = YES;
				CLANG_WARN__DUPLICATE_METHOD_MATCH = YES;
				COPY_PHASE_STRIP = NO;
				DEBUG_INFORMATION_FORMAT = "dwarf-with-dsym";
				ENABLE_NS_ASSERTIONS = NO;
				ENABLE_STRICT_OBJC_MSGSEND = YES;
				GCC_C_LANGUAGE_STANDARD = gnu11;
				GCC_NO_COMMON_BLOCKS = YES;
				GCC_WARN_64_TO_32_BIT_CONVERSION = YES;
				GCC_WARN_ABOUT_RETURN_TYPE = YES_ERROR;
				GCC_WARN_UNDECLARED_SELECTOR = YES;
				GCC_WARN_UNINITIALIZED_AUTOS = YES_AGGRESSIVE;
				GCC_WARN_UNUSED_FUNCTION = YES;
				GCC_WARN_UNUSED_VARIABLE = YES;
				IPHONEOS_DEPLOYMENT_TARGET = 15.5;
				MTL_ENABLE_DEBUG_INFO = NO;
				MTL_FAST_MATH = YES;
				SDKROOT = iphoneos;
				SWIFT_COMPILATION_MODE = wholemodule;
				SWIFT_OPTIMIZATION_LEVEL = "-O";
				VALIDATE_PRODUCT = YES;
			};
			name = Release;
		};
		CEA9234328D6D9810018040F /* Debug */ = {
			isa = XCBuildConfiguration;
			buildSettings = {
				ASSETCATALOG_COMPILER_APPICON_NAME = AppIcon;
				ASSETCATALOG_COMPILER_GLOBAL_ACCENT_COLOR_NAME = AccentColor;
				CLANG_ENABLE_MODULES = YES;
				CODE_SIGN_STYLE = Automatic;
				CURRENT_PROJECT_VERSION = 1;
				DEVELOPMENT_ASSET_PATHS = "\"autospotify/Preview Content\"";
				DEVELOPMENT_TEAM = 5W37HQDN7B;
				ENABLE_PREVIEWS = YES;
				FRAMEWORK_SEARCH_PATHS = (
					"$(inherited)",
					"$(PROJECT_DIR)/autospotify",
				);
				GENERATE_INFOPLIST_FILE = YES;
				INFOPLIST_FILE = autospotify/Info.plist;
				INFOPLIST_KEY_NSMicrophoneUsageDescription = "To identify songs, enable your microphone.";
				INFOPLIST_KEY_UIApplicationSupportsIndirectInputEvents = YES;
				INFOPLIST_KEY_UISupportedInterfaceOrientations_iPad = "UIInterfaceOrientationPortrait UIInterfaceOrientationPortraitUpsideDown UIInterfaceOrientationLandscapeLeft UIInterfaceOrientationLandscapeRight";
				INFOPLIST_KEY_UISupportedInterfaceOrientations_iPhone = "UIInterfaceOrientationPortrait UIInterfaceOrientationLandscapeLeft UIInterfaceOrientationLandscapeRight";
				LD_RUNPATH_SEARCH_PATHS = (
					"$(inherited)",
					"@executable_path/Frameworks",
				);
				MARKETING_VERSION = 1.0;
				OTHER_LDFLAGS = "-ObjC";
				PRODUCT_BUNDLE_IDENTIFIER = com.JiHunWang.autospotify;
				PRODUCT_NAME = "$(TARGET_NAME)";
				SWIFT_EMIT_LOC_STRINGS = YES;
				SWIFT_OBJC_BRIDGING_HEADER = "autospotify/autospotify-Bridging-Header.h";
				SWIFT_OPTIMIZATION_LEVEL = "-Onone";
				SWIFT_VERSION = 5.0;
				TARGETED_DEVICE_FAMILY = "1,2";
			};
			name = Debug;
		};
		CEA9234428D6D9810018040F /* Release */ = {
			isa = XCBuildConfiguration;
			buildSettings = {
				ASSETCATALOG_COMPILER_APPICON_NAME = AppIcon;
				ASSETCATALOG_COMPILER_GLOBAL_ACCENT_COLOR_NAME = AccentColor;
				CLANG_ENABLE_MODULES = YES;
				CODE_SIGN_STYLE = Automatic;
				CURRENT_PROJECT_VERSION = 1;
				DEVELOPMENT_ASSET_PATHS = "\"autospotify/Preview Content\"";
				DEVELOPMENT_TEAM = 5W37HQDN7B;
				ENABLE_PREVIEWS = YES;
				FRAMEWORK_SEARCH_PATHS = (
					"$(inherited)",
					"$(PROJECT_DIR)/autospotify",
				);
				GENERATE_INFOPLIST_FILE = YES;
				INFOPLIST_FILE = autospotify/Info.plist;
				INFOPLIST_KEY_NSMicrophoneUsageDescription = "To identify songs, enable your microphone.";
				INFOPLIST_KEY_UIApplicationSupportsIndirectInputEvents = YES;
				INFOPLIST_KEY_UISupportedInterfaceOrientations_iPad = "UIInterfaceOrientationPortrait UIInterfaceOrientationPortraitUpsideDown UIInterfaceOrientationLandscapeLeft UIInterfaceOrientationLandscapeRight";
				INFOPLIST_KEY_UISupportedInterfaceOrientations_iPhone = "UIInterfaceOrientationPortrait UIInterfaceOrientationLandscapeLeft UIInterfaceOrientationLandscapeRight";
				LD_RUNPATH_SEARCH_PATHS = (
					"$(inherited)",
					"@executable_path/Frameworks",
				);
				MARKETING_VERSION = 1.0;
				OTHER_LDFLAGS = "-ObjC";
				PRODUCT_BUNDLE_IDENTIFIER = com.JiHunWang.autospotify;
				PRODUCT_NAME = "$(TARGET_NAME)";
				SWIFT_EMIT_LOC_STRINGS = YES;
				SWIFT_OBJC_BRIDGING_HEADER = "autospotify/autospotify-Bridging-Header.h";
				SWIFT_VERSION = 5.0;
				TARGETED_DEVICE_FAMILY = "1,2";
			};
			name = Release;
		};
/* End XCBuildConfiguration section */

/* Begin XCConfigurationList section */
		CEA9232F28D6D97F0018040F /* Build configuration list for PBXProject "autospotify" */ = {
			isa = XCConfigurationList;
			buildConfigurations = (
				CEA9234028D6D9810018040F /* Debug */,
				CEA9234128D6D9810018040F /* Release */,
			);
			defaultConfigurationIsVisible = 0;
			defaultConfigurationName = Release;
		};
		CEA9234228D6D9810018040F /* Build configuration list for PBXNativeTarget "autospotify" */ = {
			isa = XCConfigurationList;
			buildConfigurations = (
				CEA9234328D6D9810018040F /* Debug */,
				CEA9234428D6D9810018040F /* Release */,
			);
			defaultConfigurationIsVisible = 0;
			defaultConfigurationName = Release;
		};
/* End XCConfigurationList section */
	};
	rootObject = CEA9232C28D6D97F0018040F /* Project object */;
}
